// !$*UTF8*$!
{
	archiveVersion = 1;
	classes = {
	};
	objectVersion = 56;
	objects = {

/* Begin PBXBuildFile section */
		54CF23132BFDB258008CA205 /* PokemonApp.swift in Sources */ = {isa = PBXBuildFile; fileRef = 54CF23122BFDB258008CA205 /* PokemonApp.swift */; };
		54CF23152BFDB258008CA205 /* ContentView.swift in Sources */ = {isa = PBXBuildFile; fileRef = 54CF23142BFDB258008CA205 /* ContentView.swift */; };
		54CF23172BFDB259008CA205 /* Assets.xcassets in Resources */ = {isa = PBXBuildFile; fileRef = 54CF23162BFDB259008CA205 /* Assets.xcassets */; };
		54CF231B2BFDB259008CA205 /* Preview Assets.xcassets in Resources */ = {isa = PBXBuildFile; fileRef = 54CF231A2BFDB259008CA205 /* Preview Assets.xcassets */; };
		54CF23232BFDB31C008CA205 /* API.swift in Sources */ = {isa = PBXBuildFile; fileRef = 54CF23222BFDB31C008CA205 /* API.swift */; };
		54CF23272BFDB7D4008CA205 /* Extensions.swift in Sources */ = {isa = PBXBuildFile; fileRef = 54CF23262BFDB7D4008CA205 /* Extensions.swift */; };
		54CF232A2BFDC174008CA205 /* Sidebar.swift in Sources */ = {isa = PBXBuildFile; fileRef = 54CF23292BFDC174008CA205 /* Sidebar.swift */; };
		54CF232C2BFDC358008CA205 /* DetailView.swift in Sources */ = {isa = PBXBuildFile; fileRef = 54CF232B2BFDC358008CA205 /* DetailView.swift */; };
		54CF232E2BFDC85E008CA205 /* SidebarViewModel.swift in Sources */ = {isa = PBXBuildFile; fileRef = 54CF232D2BFDC85E008CA205 /* SidebarViewModel.swift */; };
		54CF233E2BFDFFFA008CA205 /* DetailViewModel.swift in Sources */ = {isa = PBXBuildFile; fileRef = 54CF233D2BFDFFFA008CA205 /* DetailViewModel.swift */; };
		54CF23412BFE0112008CA205 /* Pokemons.swift in Sources */ = {isa = PBXBuildFile; fileRef = 54CF23402BFE0112008CA205 /* Pokemons.swift */; };
		54CF23432BFE0159008CA205 /* PokemonDetails.swift in Sources */ = {isa = PBXBuildFile; fileRef = 54CF23422BFE0159008CA205 /* PokemonDetails.swift */; };
		A29A47482C00CB4B005BA904 /* PokemonTests.swift in Sources */ = {isa = PBXBuildFile; fileRef = A29A47472C00CB4B005BA904 /* PokemonTests.swift */; };
		A29A474E2C00CC67005BA904 /* Pokemons.swift in Sources */ = {isa = PBXBuildFile; fileRef = 54CF23402BFE0112008CA205 /* Pokemons.swift */; };
		A29A474F2C00CC77005BA904 /* API.swift in Sources */ = {isa = PBXBuildFile; fileRef = 54CF23222BFDB31C008CA205 /* API.swift */; };
		A29A47502C00CCB5005BA904 /* Extensions.swift in Sources */ = {isa = PBXBuildFile; fileRef = 54CF23262BFDB7D4008CA205 /* Extensions.swift */; };
		A2BA9E202C00A08D002262FE /* PokemonButtonStyle.swift in Sources */ = {isa = PBXBuildFile; fileRef = A2BA9E1F2C00A08D002262FE /* PokemonButtonStyle.swift */; };
/* End PBXBuildFile section */

/* Begin PBXContainerItemProxy section */
		A29A47492C00CB4B005BA904 /* PBXContainerItemProxy */ = {
			isa = PBXContainerItemProxy;
			containerPortal = 54CF23072BFDB258008CA205 /* Project object */;
			proxyType = 1;
			remoteGlobalIDString = 54CF230E2BFDB258008CA205;
			remoteInfo = Pokemon;
		};
/* End PBXContainerItemProxy section */

/* Begin PBXFileReference section */
		54CF230F2BFDB258008CA205 /* Pokemon.app */ = {isa = PBXFileReference; explicitFileType = wrapper.application; includeInIndex = 0; path = Pokemon.app; sourceTree = BUILT_PRODUCTS_DIR; };
		54CF23122BFDB258008CA205 /* PokemonApp.swift */ = {isa = PBXFileReference; lastKnownFileType = sourcecode.swift; path = PokemonApp.swift; sourceTree = "<group>"; };
		54CF23142BFDB258008CA205 /* ContentView.swift */ = {isa = PBXFileReference; lastKnownFileType = sourcecode.swift; path = ContentView.swift; sourceTree = "<group>"; };
		54CF23162BFDB259008CA205 /* Assets.xcassets */ = {isa = PBXFileReference; lastKnownFileType = folder.assetcatalog; path = Assets.xcassets; sourceTree = "<group>"; };
		54CF23182BFDB259008CA205 /* Pokemon.entitlements */ = {isa = PBXFileReference; lastKnownFileType = text.plist.entitlements; path = Pokemon.entitlements; sourceTree = "<group>"; };
		54CF231A2BFDB259008CA205 /* Preview Assets.xcassets */ = {isa = PBXFileReference; lastKnownFileType = folder.assetcatalog; path = "Preview Assets.xcassets"; sourceTree = "<group>"; };
		54CF23222BFDB31C008CA205 /* API.swift */ = {isa = PBXFileReference; lastKnownFileType = sourcecode.swift; path = API.swift; sourceTree = "<group>"; };
		54CF23262BFDB7D4008CA205 /* Extensions.swift */ = {isa = PBXFileReference; lastKnownFileType = sourcecode.swift; path = Extensions.swift; sourceTree = "<group>"; };
		54CF23292BFDC174008CA205 /* Sidebar.swift */ = {isa = PBXFileReference; lastKnownFileType = sourcecode.swift; path = Sidebar.swift; sourceTree = "<group>"; };
		54CF232B2BFDC358008CA205 /* DetailView.swift */ = {isa = PBXFileReference; lastKnownFileType = sourcecode.swift; path = DetailView.swift; sourceTree = "<group>"; };
		54CF232D2BFDC85E008CA205 /* SidebarViewModel.swift */ = {isa = PBXFileReference; lastKnownFileType = sourcecode.swift; path = SidebarViewModel.swift; sourceTree = "<group>"; };
		54CF233D2BFDFFFA008CA205 /* DetailViewModel.swift */ = {isa = PBXFileReference; lastKnownFileType = sourcecode.swift; path = DetailViewModel.swift; sourceTree = "<group>"; };
		54CF23402BFE0112008CA205 /* Pokemons.swift */ = {isa = PBXFileReference; lastKnownFileType = sourcecode.swift; path = Pokemons.swift; sourceTree = "<group>"; };
		54CF23422BFE0159008CA205 /* PokemonDetails.swift */ = {isa = PBXFileReference; lastKnownFileType = sourcecode.swift; path = PokemonDetails.swift; sourceTree = "<group>"; };
		A29A47452C00CB4B005BA904 /* PokemonTests.xctest */ = {isa = PBXFileReference; explicitFileType = wrapper.cfbundle; includeInIndex = 0; path = PokemonTests.xctest; sourceTree = BUILT_PRODUCTS_DIR; };
		A29A47472C00CB4B005BA904 /* PokemonTests.swift */ = {isa = PBXFileReference; lastKnownFileType = sourcecode.swift; path = PokemonTests.swift; sourceTree = "<group>"; };
		A2BA9E1F2C00A08D002262FE /* PokemonButtonStyle.swift */ = {isa = PBXFileReference; lastKnownFileType = sourcecode.swift; path = PokemonButtonStyle.swift; sourceTree = "<group>"; };
		A2BA9E212C00A12B002262FE /* Info.plist */ = {isa = PBXFileReference; fileEncoding = 4; lastKnownFileType = text.plist.xml; path = Info.plist; sourceTree = "<group>"; };
/* End PBXFileReference section */

/* Begin PBXFrameworksBuildPhase section */
		54CF230C2BFDB258008CA205 /* Frameworks */ = {
			isa = PBXFrameworksBuildPhase;
			buildActionMask = 2147483647;
			files = (
			);
			runOnlyForDeploymentPostprocessing = 0;
		};
		A29A47422C00CB4B005BA904 /* Frameworks */ = {
			isa = PBXFrameworksBuildPhase;
			buildActionMask = 2147483647;
			files = (
			);
			runOnlyForDeploymentPostprocessing = 0;
		};
/* End PBXFrameworksBuildPhase section */

/* Begin PBXGroup section */
		54467B382C00DA3B008DD1DD /* Sidebar */ = {
			isa = PBXGroup;
			children = (
				54CF23292BFDC174008CA205 /* Sidebar.swift */,
				54CF232D2BFDC85E008CA205 /* SidebarViewModel.swift */,
			);
			path = Sidebar;
			sourceTree = "<group>";
		};
		54467B392C00DA4C008DD1DD /* Detail */ = {
			isa = PBXGroup;
			children = (
				54CF232B2BFDC358008CA205 /* DetailView.swift */,
				54CF233D2BFDFFFA008CA205 /* DetailViewModel.swift */,
			);
			path = Detail;
			sourceTree = "<group>";
		};
		54467B3A2C00DA6A008DD1DD /* Common */ = {
			isa = PBXGroup;
			children = (
				A2BA9E1F2C00A08D002262FE /* PokemonButtonStyle.swift */,
			);
			path = Common;
			sourceTree = "<group>";
		};
		54CF23062BFDB258008CA205 = {
			isa = PBXGroup;
			children = (
				54CF23112BFDB258008CA205 /* Pokemon */,
				A29A47462C00CB4B005BA904 /* PokemonTests */,
				54CF23102BFDB258008CA205 /* Products */,
			);
			sourceTree = "<group>";
		};
		54CF23102BFDB258008CA205 /* Products */ = {
			isa = PBXGroup;
			children = (
				54CF230F2BFDB258008CA205 /* Pokemon.app */,
				A29A47452C00CB4B005BA904 /* PokemonTests.xctest */,
			);
			name = Products;
			sourceTree = "<group>";
		};
		54CF23112BFDB258008CA205 /* Pokemon */ = {
			isa = PBXGroup;
			children = (
				A2BA9E212C00A12B002262FE /* Info.plist */,
				54CF23282BFDC132008CA205 /* UI */,
				54CF23212BFDB2AE008CA205 /* API */,
				54CF23162BFDB259008CA205 /* Assets.xcassets */,
				54CF23182BFDB259008CA205 /* Pokemon.entitlements */,
				54CF23192BFDB259008CA205 /* Preview Content */,
			);
			path = Pokemon;
			sourceTree = "<group>";
		};
		54CF23192BFDB259008CA205 /* Preview Content */ = {
			isa = PBXGroup;
			children = (
				54CF231A2BFDB259008CA205 /* Preview Assets.xcassets */,
			);
			path = "Preview Content";
			sourceTree = "<group>";
		};
		54CF23212BFDB2AE008CA205 /* API */ = {
			isa = PBXGroup;
			children = (
				54CF233F2BFE0106008CA205 /* Models */,
				54CF23222BFDB31C008CA205 /* API.swift */,
				54CF23262BFDB7D4008CA205 /* Extensions.swift */,
			);
			path = API;
			sourceTree = "<group>";
		};
		54CF23282BFDC132008CA205 /* UI */ = {
			isa = PBXGroup;
			children = (
				54467B382C00DA3B008DD1DD /* Sidebar */,
				54467B392C00DA4C008DD1DD /* Detail */,
				54467B3A2C00DA6A008DD1DD /* Common */,
				54CF23122BFDB258008CA205 /* PokemonApp.swift */,
				54CF23142BFDB258008CA205 /* ContentView.swift */,
			);
			path = UI;
			sourceTree = "<group>";
		};
		54CF233F2BFE0106008CA205 /* Models */ = {
			isa = PBXGroup;
			children = (
				54CF23402BFE0112008CA205 /* Pokemons.swift */,
				54CF23422BFE0159008CA205 /* PokemonDetails.swift */,
			);
			path = Models;
			sourceTree = "<group>";
		};
		A29A47462C00CB4B005BA904 /* PokemonTests */ = {
			isa = PBXGroup;
			children = (
				A29A47472C00CB4B005BA904 /* PokemonTests.swift */,
			);
			path = PokemonTests;
			sourceTree = "<group>";
		};
/* End PBXGroup section */

/* Begin PBXNativeTarget section */
		54CF230E2BFDB258008CA205 /* Pokemon */ = {
			isa = PBXNativeTarget;
			buildConfigurationList = 54CF231E2BFDB259008CA205 /* Build configuration list for PBXNativeTarget "Pokemon" */;
			buildPhases = (
				54CF230B2BFDB258008CA205 /* Sources */,
				54CF230C2BFDB258008CA205 /* Frameworks */,
				54CF230D2BFDB258008CA205 /* Resources */,
			);
			buildRules = (
			);
			dependencies = (
			);
			name = Pokemon;
			productName = Pokemon;
			productReference = 54CF230F2BFDB258008CA205 /* Pokemon.app */;
			productType = "com.apple.product-type.application";
		};
		A29A47442C00CB4B005BA904 /* PokemonTests */ = {
			isa = PBXNativeTarget;
			buildConfigurationList = A29A474D2C00CB4B005BA904 /* Build configuration list for PBXNativeTarget "PokemonTests" */;
			buildPhases = (
				A29A47412C00CB4B005BA904 /* Sources */,
				A29A47422C00CB4B005BA904 /* Frameworks */,
				A29A47432C00CB4B005BA904 /* Resources */,
			);
			buildRules = (
			);
			dependencies = (
				A29A474A2C00CB4B005BA904 /* PBXTargetDependency */,
			);
			name = PokemonTests;
			productName = PokemonTests;
			productReference = A29A47452C00CB4B005BA904 /* PokemonTests.xctest */;
			productType = "com.apple.product-type.bundle.unit-test";
		};
/* End PBXNativeTarget section */

/* Begin PBXProject section */
		54CF23072BFDB258008CA205 /* Project object */ = {
			isa = PBXProject;
			attributes = {
				BuildIndependentTargetsInParallel = 1;
				LastSwiftUpdateCheck = 1530;
				LastUpgradeCheck = 1530;
				TargetAttributes = {
					54CF230E2BFDB258008CA205 = {
						CreatedOnToolsVersion = 15.3;
					};
					A29A47442C00CB4B005BA904 = {
						CreatedOnToolsVersion = 15.3;
						TestTargetID = 54CF230E2BFDB258008CA205;
					};
				};
			};
			buildConfigurationList = 54CF230A2BFDB258008CA205 /* Build configuration list for PBXProject "Pokemon" */;
			compatibilityVersion = "Xcode 14.0";
			developmentRegion = en;
			hasScannedForEncodings = 0;
			knownRegions = (
				en,
				Base,
			);
			mainGroup = 54CF23062BFDB258008CA205;
			productRefGroup = 54CF23102BFDB258008CA205 /* Products */;
			projectDirPath = "";
			projectRoot = "";
			targets = (
				54CF230E2BFDB258008CA205 /* Pokemon */,
				A29A47442C00CB4B005BA904 /* PokemonTests */,
			);
		};
/* End PBXProject section */

/* Begin PBXResourcesBuildPhase section */
		54CF230D2BFDB258008CA205 /* Resources */ = {
			isa = PBXResourcesBuildPhase;
			buildActionMask = 2147483647;
			files = (
				54CF231B2BFDB259008CA205 /* Preview Assets.xcassets in Resources */,
				54CF23172BFDB259008CA205 /* Assets.xcassets in Resources */,
			);
			runOnlyForDeploymentPostprocessing = 0;
		};
		A29A47432C00CB4B005BA904 /* Resources */ = {
			isa = PBXResourcesBuildPhase;
			buildActionMask = 2147483647;
			files = (
			);
			runOnlyForDeploymentPostprocessing = 0;
		};
/* End PBXResourcesBuildPhase section */

/* Begin PBXSourcesBuildPhase section */
		54CF230B2BFDB258008CA205 /* Sources */ = {
			isa = PBXSourcesBuildPhase;
			buildActionMask = 2147483647;
			files = (
				54CF23272BFDB7D4008CA205 /* Extensions.swift in Sources */,
				54CF23152BFDB258008CA205 /* ContentView.swift in Sources */,
				54CF23232BFDB31C008CA205 /* API.swift in Sources */,
				54CF232C2BFDC358008CA205 /* DetailView.swift in Sources */,
				54CF23432BFE0159008CA205 /* PokemonDetails.swift in Sources */,
				A2BA9E202C00A08D002262FE /* PokemonButtonStyle.swift in Sources */,
				54CF233E2BFDFFFA008CA205 /* DetailViewModel.swift in Sources */,
				54CF23132BFDB258008CA205 /* PokemonApp.swift in Sources */,
				54CF232A2BFDC174008CA205 /* Sidebar.swift in Sources */,
				54CF23412BFE0112008CA205 /* Pokemons.swift in Sources */,
				54CF232E2BFDC85E008CA205 /* SidebarViewModel.swift in Sources */,
			);
			runOnlyForDeploymentPostprocessing = 0;
		};
		A29A47412C00CB4B005BA904 /* Sources */ = {
			isa = PBXSourcesBuildPhase;
			buildActionMask = 2147483647;
			files = (
				A29A47482C00CB4B005BA904 /* PokemonTests.swift in Sources */,
				A29A474F2C00CC77005BA904 /* API.swift in Sources */,
				A29A474E2C00CC67005BA904 /* Pokemons.swift in Sources */,
				A29A47502C00CCB5005BA904 /* Extensions.swift in Sources */,
			);
			runOnlyForDeploymentPostprocessing = 0;
		};
/* End PBXSourcesBuildPhase section */

/* Begin PBXTargetDependency section */
		A29A474A2C00CB4B005BA904 /* PBXTargetDependency */ = {
			isa = PBXTargetDependency;
			target = 54CF230E2BFDB258008CA205 /* Pokemon */;
			targetProxy = A29A47492C00CB4B005BA904 /* PBXContainerItemProxy */;
		};
/* End PBXTargetDependency section */

/* Begin XCBuildConfiguration section */
		54CF231C2BFDB259008CA205 /* Debug */ = {
			isa = XCBuildConfiguration;
			buildSettings = {
				ALWAYS_SEARCH_USER_PATHS = NO;
				ASSETCATALOG_COMPILER_GENERATE_SWIFT_ASSET_SYMBOL_EXTENSIONS = YES;
				CLANG_ANALYZER_NONNULL = YES;
				CLANG_ANALYZER_NUMBER_OBJECT_CONVERSION = YES_AGGRESSIVE;
				CLANG_CXX_LANGUAGE_STANDARD = "gnu++20";
				CLANG_ENABLE_MODULES = YES;
				CLANG_ENABLE_OBJC_ARC = YES;
				CLANG_ENABLE_OBJC_WEAK = YES;
				CLANG_WARN_BLOCK_CAPTURE_AUTORELEASING = YES;
				CLANG_WARN_BOOL_CONVERSION = YES;
				CLANG_WARN_COMMA = YES;
				CLANG_WARN_CONSTANT_CONVERSION = YES;
				CLANG_WARN_DEPRECATED_OBJC_IMPLEMENTATIONS = YES;
				CLANG_WARN_DIRECT_OBJC_ISA_USAGE = YES_ERROR;
				CLANG_WARN_DOCUMENTATION_COMMENTS = YES;
				CLANG_WARN_EMPTY_BODY = YES;
				CLANG_WARN_ENUM_CONVERSION = YES;
				CLANG_WARN_INFINITE_RECURSION = YES;
				CLANG_WARN_INT_CONVERSION = YES;
				CLANG_WARN_NON_LITERAL_NULL_CONVERSION = YES;
				CLANG_WARN_OBJC_IMPLICIT_RETAIN_SELF = YES;
				CLANG_WARN_OBJC_LITERAL_CONVERSION = YES;
				CLANG_WARN_OBJC_ROOT_CLASS = YES_ERROR;
				CLANG_WARN_QUOTED_INCLUDE_IN_FRAMEWORK_HEADER = YES;
				CLANG_WARN_RANGE_LOOP_ANALYSIS = YES;
				CLANG_WARN_STRICT_PROTOTYPES = YES;
				CLANG_WARN_SUSPICIOUS_MOVE = YES;
				CLANG_WARN_UNGUARDED_AVAILABILITY = YES_AGGRESSIVE;
				CLANG_WARN_UNREACHABLE_CODE = YES;
				CLANG_WARN__DUPLICATE_METHOD_MATCH = YES;
				COPY_PHASE_STRIP = NO;
				DEBUG_INFORMATION_FORMAT = dwarf;
				ENABLE_STRICT_OBJC_MSGSEND = YES;
				ENABLE_TESTABILITY = YES;
				ENABLE_USER_SCRIPT_SANDBOXING = YES;
				GCC_C_LANGUAGE_STANDARD = gnu17;
				GCC_DYNAMIC_NO_PIC = NO;
				GCC_NO_COMMON_BLOCKS = YES;
				GCC_OPTIMIZATION_LEVEL = 0;
				GCC_PREPROCESSOR_DEFINITIONS = (
					"DEBUG=1",
					"$(inherited)",
				);
				GCC_WARN_64_TO_32_BIT_CONVERSION = YES;
				GCC_WARN_ABOUT_RETURN_TYPE = YES_ERROR;
				GCC_WARN_UNDECLARED_SELECTOR = YES;
				GCC_WARN_UNINITIALIZED_AUTOS = YES_AGGRESSIVE;
				GCC_WARN_UNUSED_FUNCTION = YES;
				GCC_WARN_UNUSED_VARIABLE = YES;
				LOCALIZATION_PREFERS_STRING_CATALOGS = YES;
				MTL_ENABLE_DEBUG_INFO = INCLUDE_SOURCE;
				MTL_FAST_MATH = YES;
				ONLY_ACTIVE_ARCH = YES;
				SWIFT_ACTIVE_COMPILATION_CONDITIONS = "DEBUG $(inherited)";
				SWIFT_OPTIMIZATION_LEVEL = "-Onone";
			};
			name = Debug;
		};
		54CF231D2BFDB259008CA205 /* Release */ = {
			isa = XCBuildConfiguration;
			buildSettings = {
				ALWAYS_SEARCH_USER_PATHS = NO;
				ASSETCATALOG_COMPILER_GENERATE_SWIFT_ASSET_SYMBOL_EXTENSIONS = YES;
				CLANG_ANALYZER_NONNULL = YES;
				CLANG_ANALYZER_NUMBER_OBJECT_CONVERSION = YES_AGGRESSIVE;
				CLANG_CXX_LANGUAGE_STANDARD = "gnu++20";
				CLANG_ENABLE_MODULES = YES;
				CLANG_ENABLE_OBJC_ARC = YES;
				CLANG_ENABLE_OBJC_WEAK = YES;
				CLANG_WARN_BLOCK_CAPTURE_AUTORELEASING = YES;
				CLANG_WARN_BOOL_CONVERSION = YES;
				CLANG_WARN_COMMA = YES;
				CLANG_WARN_CONSTANT_CONVERSION = YES;
				CLANG_WARN_DEPRECATED_OBJC_IMPLEMENTATIONS = YES;
				CLANG_WARN_DIRECT_OBJC_ISA_USAGE = YES_ERROR;
				CLANG_WARN_DOCUMENTATION_COMMENTS = YES;
				CLANG_WARN_EMPTY_BODY = YES;
				CLANG_WARN_ENUM_CONVERSION = YES;
				CLANG_WARN_INFINITE_RECURSION = YES;
				CLANG_WARN_INT_CONVERSION = YES;
				CLANG_WARN_NON_LITERAL_NULL_CONVERSION = YES;
				CLANG_WARN_OBJC_IMPLICIT_RETAIN_SELF = YES;
				CLANG_WARN_OBJC_LITERAL_CONVERSION = YES;
				CLANG_WARN_OBJC_ROOT_CLASS = YES_ERROR;
				CLANG_WARN_QUOTED_INCLUDE_IN_FRAMEWORK_HEADER = YES;
				CLANG_WARN_RANGE_LOOP_ANALYSIS = YES;
				CLANG_WARN_STRICT_PROTOTYPES = YES;
				CLANG_WARN_SUSPICIOUS_MOVE = YES;
				CLANG_WARN_UNGUARDED_AVAILABILITY = YES_AGGRESSIVE;
				CLANG_WARN_UNREACHABLE_CODE = YES;
				CLANG_WARN__DUPLICATE_METHOD_MATCH = YES;
				COPY_PHASE_STRIP = NO;
				DEBUG_INFORMATION_FORMAT = "dwarf-with-dsym";
				ENABLE_NS_ASSERTIONS = NO;
				ENABLE_STRICT_OBJC_MSGSEND = YES;
				ENABLE_USER_SCRIPT_SANDBOXING = YES;
				GCC_C_LANGUAGE_STANDARD = gnu17;
				GCC_NO_COMMON_BLOCKS = YES;
				GCC_WARN_64_TO_32_BIT_CONVERSION = YES;
				GCC_WARN_ABOUT_RETURN_TYPE = YES_ERROR;
				GCC_WARN_UNDECLARED_SELECTOR = YES;
				GCC_WARN_UNINITIALIZED_AUTOS = YES_AGGRESSIVE;
				GCC_WARN_UNUSED_FUNCTION = YES;
				GCC_WARN_UNUSED_VARIABLE = YES;
				LOCALIZATION_PREFERS_STRING_CATALOGS = YES;
				MTL_ENABLE_DEBUG_INFO = NO;
				MTL_FAST_MATH = YES;
				SWIFT_COMPILATION_MODE = wholemodule;
			};
			name = Release;
		};
		54CF231F2BFDB259008CA205 /* Debug */ = {
			isa = XCBuildConfiguration;
			buildSettings = {
				ASSETCATALOG_COMPILER_APPICON_NAME = AppIcon;
				ASSETCATALOG_COMPILER_GLOBAL_ACCENT_COLOR_NAME = AccentColor;
				CODE_SIGN_ENTITLEMENTS = Pokemon/Pokemon.entitlements;
				CODE_SIGN_STYLE = Automatic;
				CURRENT_PROJECT_VERSION = 1;
				DEVELOPMENT_ASSET_PATHS = "\"Pokemon/Preview Content\"";
				DEVELOPMENT_TEAM = UNJTFBQ8J7;
				ENABLE_HARDENED_RUNTIME = YES;
				ENABLE_PREVIEWS = YES;
				GENERATE_INFOPLIST_FILE = YES;
				INFOPLIST_FILE = Pokemon/Info.plist;
				"INFOPLIST_KEY_UIApplicationSceneManifest_Generation[sdk=iphoneos*]" = YES;
				"INFOPLIST_KEY_UIApplicationSceneManifest_Generation[sdk=iphonesimulator*]" = YES;
				"INFOPLIST_KEY_UIApplicationSupportsIndirectInputEvents[sdk=iphoneos*]" = YES;
				"INFOPLIST_KEY_UIApplicationSupportsIndirectInputEvents[sdk=iphonesimulator*]" = YES;
				"INFOPLIST_KEY_UILaunchScreen_Generation[sdk=iphoneos*]" = YES;
				"INFOPLIST_KEY_UILaunchScreen_Generation[sdk=iphonesimulator*]" = YES;
				"INFOPLIST_KEY_UIStatusBarStyle[sdk=iphoneos*]" = UIStatusBarStyleDefault;
				"INFOPLIST_KEY_UIStatusBarStyle[sdk=iphonesimulator*]" = UIStatusBarStyleDefault;
				INFOPLIST_KEY_UISupportedInterfaceOrientations_iPad = "UIInterfaceOrientationPortrait UIInterfaceOrientationPortraitUpsideDown UIInterfaceOrientationLandscapeLeft UIInterfaceOrientationLandscapeRight";
				INFOPLIST_KEY_UISupportedInterfaceOrientations_iPhone = "UIInterfaceOrientationPortrait UIInterfaceOrientationLandscapeLeft UIInterfaceOrientationLandscapeRight";
				IPHONEOS_DEPLOYMENT_TARGET = 17.4;
				LD_RUNPATH_SEARCH_PATHS = "@executable_path/Frameworks";
				"LD_RUNPATH_SEARCH_PATHS[sdk=macosx*]" = "@executable_path/../Frameworks";
				MACOSX_DEPLOYMENT_TARGET = 14.4;
				MARKETING_VERSION = 1.0;
				PRODUCT_BUNDLE_IDENTIFIER = com.includetech.Pokemon;
				PRODUCT_NAME = "$(TARGET_NAME)";
				SDKROOT = auto;
				SUPPORTED_PLATFORMS = "iphoneos iphonesimulator macosx";
				SWIFT_EMIT_LOC_STRINGS = YES;
				SWIFT_VERSION = 5.0;
				TARGETED_DEVICE_FAMILY = "1,2";
			};
			name = Debug;
		};
		54CF23202BFDB259008CA205 /* Release */ = {
			isa = XCBuildConfiguration;
			buildSettings = {
				ASSETCATALOG_COMPILER_APPICON_NAME = AppIcon;
				ASSETCATALOG_COMPILER_GLOBAL_ACCENT_COLOR_NAME = AccentColor;
				CODE_SIGN_ENTITLEMENTS = Pokemon/Pokemon.entitlements;
				CODE_SIGN_STYLE = Automatic;
				CURRENT_PROJECT_VERSION = 1;
				DEVELOPMENT_ASSET_PATHS = "\"Pokemon/Preview Content\"";
				DEVELOPMENT_TEAM = UNJTFBQ8J7;
				ENABLE_HARDENED_RUNTIME = YES;
				ENABLE_PREVIEWS = YES;
				GENERATE_INFOPLIST_FILE = YES;
				INFOPLIST_FILE = Pokemon/Info.plist;
				"INFOPLIST_KEY_UIApplicationSceneManifest_Generation[sdk=iphoneos*]" = YES;
				"INFOPLIST_KEY_UIApplicationSceneManifest_Generation[sdk=iphonesimulator*]" = YES;
				"INFOPLIST_KEY_UIApplicationSupportsIndirectInputEvents[sdk=iphoneos*]" = YES;
				"INFOPLIST_KEY_UIApplicationSupportsIndirectInputEvents[sdk=iphonesimulator*]" = YES;
				"INFOPLIST_KEY_UILaunchScreen_Generation[sdk=iphoneos*]" = YES;
				"INFOPLIST_KEY_UILaunchScreen_Generation[sdk=iphonesimulator*]" = YES;
				"INFOPLIST_KEY_UIStatusBarStyle[sdk=iphoneos*]" = UIStatusBarStyleDefault;
				"INFOPLIST_KEY_UIStatusBarStyle[sdk=iphonesimulator*]" = UIStatusBarStyleDefault;
				INFOPLIST_KEY_UISupportedInterfaceOrientations_iPad = "UIInterfaceOrientationPortrait UIInterfaceOrientationPortraitUpsideDown UIInterfaceOrientationLandscapeLeft UIInterfaceOrientationLandscapeRight";
				INFOPLIST_KEY_UISupportedInterfaceOrientations_iPhone = "UIInterfaceOrientationPortrait UIInterfaceOrientationLandscapeLeft UIInterfaceOrientationLandscapeRight";
				IPHONEOS_DEPLOYMENT_TARGET = 17.4;
				LD_RUNPATH_SEARCH_PATHS = "@executable_path/Frameworks";
				"LD_RUNPATH_SEARCH_PATHS[sdk=macosx*]" = "@executable_path/../Frameworks";
				MACOSX_DEPLOYMENT_TARGET = 14.4;
				MARKETING_VERSION = 1.0;
				PRODUCT_BUNDLE_IDENTIFIER = com.includetech.Pokemon;
				PRODUCT_NAME = "$(TARGET_NAME)";
				SDKROOT = auto;
				SUPPORTED_PLATFORMS = "iphoneos iphonesimulator macosx";
				SWIFT_EMIT_LOC_STRINGS = YES;
				SWIFT_VERSION = 5.0;
				TARGETED_DEVICE_FAMILY = "1,2";
			};
			name = Release;
		};
		A29A474B2C00CB4B005BA904 /* Debug */ = {
			isa = XCBuildConfiguration;
			buildSettings = {
				BUNDLE_LOADER = "$(TEST_HOST)";
				CODE_SIGN_STYLE = Automatic;
				CURRENT_PROJECT_VERSION = 1;
				DEVELOPMENT_TEAM = UNJTFBQ8J7;
				GENERATE_INFOPLIST_FILE = YES;
				IPHONEOS_DEPLOYMENT_TARGET = 17.4;
				MARKETING_VERSION = 1.0;
				PRODUCT_BUNDLE_IDENTIFIER = com.include.PokemonTests;
				PRODUCT_NAME = "$(TARGET_NAME)";
				SDKROOT = iphoneos;
				SWIFT_EMIT_LOC_STRINGS = NO;
				SWIFT_VERSION = 5.0;
				TARGETED_DEVICE_FAMILY = "1,2";
				TEST_HOST = "$(BUILT_PRODUCTS_DIR)/Pokemon.app/$(BUNDLE_EXECUTABLE_FOLDER_PATH)/Pokemon";
			};
			name = Debug;
		};
		A29A474C2C00CB4B005BA904 /* Release */ = {
			isa = XCBuildConfiguration;
			buildSettings = {
				BUNDLE_LOADER = "$(TEST_HOST)";
				CODE_SIGN_STYLE = Automatic;
				CURRENT_PROJECT_VERSION = 1;
				DEVELOPMENT_TEAM = UNJTFBQ8J7;
				GENERATE_INFOPLIST_FILE = YES;
				IPHONEOS_DEPLOYMENT_TARGET = 17.4;
				MARKETING_VERSION = 1.0;
				PRODUCT_BUNDLE_IDENTIFIER = com.include.PokemonTests;
				PRODUCT_NAME = "$(TARGET_NAME)";
				SDKROOT = iphoneos;
				SWIFT_EMIT_LOC_STRINGS = NO;
				SWIFT_VERSION = 5.0;
				TARGETED_DEVICE_FAMILY = "1,2";
				TEST_HOST = "$(BUILT_PRODUCTS_DIR)/Pokemon.app/$(BUNDLE_EXECUTABLE_FOLDER_PATH)/Pokemon";
				VALIDATE_PRODUCT = YES;
			};
			name = Release;
		};
/* End XCBuildConfiguration section */

/* Begin XCConfigurationList section */
		54CF230A2BFDB258008CA205 /* Build configuration list for PBXProject "Pokemon" */ = {
			isa = XCConfigurationList;
			buildConfigurations = (
				54CF231C2BFDB259008CA205 /* Debug */,
				54CF231D2BFDB259008CA205 /* Release */,
			);
			defaultConfigurationIsVisible = 0;
			defaultConfigurationName = Release;
		};
		54CF231E2BFDB259008CA205 /* Build configuration list for PBXNativeTarget "Pokemon" */ = {
			isa = XCConfigurationList;
			buildConfigurations = (
				54CF231F2BFDB259008CA205 /* Debug */,
				54CF23202BFDB259008CA205 /* Release */,
			);
			defaultConfigurationIsVisible = 0;
			defaultConfigurationName = Release;
		};
		A29A474D2C00CB4B005BA904 /* Build configuration list for PBXNativeTarget "PokemonTests" */ = {
			isa = XCConfigurationList;
			buildConfigurations = (
				A29A474B2C00CB4B005BA904 /* Debug */,
				A29A474C2C00CB4B005BA904 /* Release */,
			);
			defaultConfigurationIsVisible = 0;
			defaultConfigurationName = Release;
		};
/* End XCConfigurationList section */
	};
	rootObject = 54CF23072BFDB258008CA205 /* Project object */;
}
